# This file is automatically @generated by Cargo.
# It is not intended for manual editing.
version = 4

[[package]]
name = "orbit-client"
version = "0.1.0"
dependencies = [
 "orbit-proto",
]

[[package]]
name = "orbit-gui"
version = "0.1.0"
dependencies = [
 "orbit-client",
]

[[package]]
name = "orbit-proto"
version = "0.1.0"

[[package]]
name = "orbit-server"
version = "0.1.0"
dependencies = [
 "orbit-proto",
]

[[package]]
name = "orbit-tui"
version = "0.1.0"
dependencies = [
 "orbit-client",
]
